
Microsoft Visual Studio Solution File, Format Version 12.00
# Visual Studio Version 17
VisualStudioVersion = 17.5.002.0
MinimumVisualStudioVersion = 10.0.40219.1
Project("{9A19103F-16F7-4668-BE54-9A1E7A4F7556}") = "11.7 Blobs in .NET", "11.7 Blobs in .NET.csproj", "{22752B14-873D-495E-AB3B-8AC426F3A9D7}"
EndProject
Global
	GlobalSection(SolutionConfigurationPlatforms) = preSolution
		Debug|Any CPU = Debug|Any CPU
		Release|Any CPU = Release|Any CPU
	EndGlobalSection
	GlobalSection(ProjectConfigurationPlatforms) = postSolution
		{22752B14-873D-495E-AB3B-8AC426F3A9D7}.Debug|Any CPU.ActiveCfg = Debug|Any CPU
		{22752B14-873D-495E-AB3B-8AC426F3A9D7}.Debug|Any CPU.Build.0 = Debug|Any CPU
		{22752B14-873D-495E-AB3B-8AC426F3A9D7}.Release|Any CPU.ActiveCfg = Release|Any CPU
		{22752B14-873D-495E-AB3B-8AC426F3A9D7}.Release|Any CPU.Build.0 = Release|Any CPU
	EndGlobalSection
	GlobalSection(SolutionProperties) = preSolution
		HideSolutionNode = FALSE
	EndGlobalSection
	GlobalSection(ExtensibilityGlobals) = postSolution
		SolutionGuid = {9D380D5F-6AAF-4876-8C40-9A83E44C584D}
	EndGlobalSection
EndGlobal
