
Microsoft Visual Studio Solution File, Format Version 12.00
# Visual Studio Version 17
VisualStudioVersion = 17.5.002.0
MinimumVisualStudioVersion = 10.0.40219.1
Project("{9A19103F-16F7-4668-BE54-9A1E7A4F7556}") = "9.6 CosmosDB Console App", "9.6 CosmosDB Console App.csproj", "{4F405FF0-7038-441D-8E54-DF8D6BC7316E}"
EndProject
Global
	GlobalSection(SolutionConfigurationPlatforms) = preSolution
		Debug|Any CPU = Debug|Any CPU
		Release|Any CPU = Release|Any CPU
	EndGlobalSection
	GlobalSection(ProjectConfigurationPlatforms) = postSolution
		{4F405FF0-7038-441D-8E54-DF8D6BC7316E}.Debug|Any CPU.ActiveCfg = Debug|Any CPU
		{4F405FF0-7038-441D-8E54-DF8D6BC7316E}.Debug|Any CPU.Build.0 = Debug|Any CPU
		{4F405FF0-7038-441D-8E54-DF8D6BC7316E}.Release|Any CPU.ActiveCfg = Release|Any CPU
		{4F405FF0-7038-441D-8E54-DF8D6BC7316E}.Release|Any CPU.Build.0 = Release|Any CPU
	EndGlobalSection
	GlobalSection(SolutionProperties) = preSolution
		HideSolutionNode = FALSE
	EndGlobalSection
	GlobalSection(ExtensibilityGlobals) = postSolution
		SolutionGuid = {BAA5C284-24F3-4B75-B02F-38B5638B3018}
	EndGlobalSection
EndGlobal
