
Microsoft Visual Studio Solution File, Format Version 12.00
# Visual Studio Version 17
VisualStudioVersion = 17.5.002.0
MinimumVisualStudioVersion = 10.0.40219.1
Project("{9A19103F-16F7-4668-BE54-9A1E7A4F7556}") = "9. CosmosDB", "9. CosmosDB.csproj", "{EC044BA6-A270-437A-B317-D3149BED38FD}"
EndProject
Global
	GlobalSection(SolutionConfigurationPlatforms) = preSolution
		Debug|Any CPU = Debug|Any CPU
		Release|Any CPU = Release|Any CPU
	EndGlobalSection
	GlobalSection(ProjectConfigurationPlatforms) = postSolution
		{EC044BA6-A270-437A-B317-D3149BED38FD}.Debug|Any CPU.ActiveCfg = Debug|Any CPU
		{EC044BA6-A270-437A-B317-D3149BED38FD}.Debug|Any CPU.Build.0 = Debug|Any CPU
		{EC044BA6-A270-437A-B317-D3149BED38FD}.Release|Any CPU.ActiveCfg = Release|Any CPU
		{EC044BA6-A270-437A-B317-D3149BED38FD}.Release|Any CPU.Build.0 = Release|Any CPU
	EndGlobalSection
	GlobalSection(SolutionProperties) = preSolution
		HideSolutionNode = FALSE
	EndGlobalSection
	GlobalSection(ExtensibilityGlobals) = postSolution
		SolutionGuid = {FF6B7E98-ECDB-46F5-B5D5-72FDDD525158}
	EndGlobalSection
EndGlobal
